
Microsoft Visual Studio Solution File, Format Version 12.00
# Visual Studio Version 16
VisualStudioVersion = 16.0.30803.129
MinimumVisualStudioVersion = 10.0.40219.1
Project("{888888A0-9F3D-457C-B088-3A5042F75D52}") = "DFR", "DFR.pyproj", "{9565B553-BBDC-4EEA-91AB-A19B9C953F8B}"
EndProject
Global
	GlobalSection(SolutionConfigurationPlatforms) = preSolution
		Debug|Any CPU = Debug|Any CPU
		Release|Any CPU = Release|Any CPU
	EndGlobalSection
	GlobalSection(ProjectConfigurationPlatforms) = postSolution
		{9565B553-BBDC-4EEA-91AB-A19B9C953F8B}.Debug|Any CPU.ActiveCfg = Debug|Any CPU
		{9565B553-BBDC-4EEA-91AB-A19B9C953F8B}.Release|Any CPU.ActiveCfg = Release|Any CPU
	EndGlobalSection
	GlobalSection(SolutionProperties) = preSolution
		HideSolutionNode = FALSE
	EndGlobalSection
	GlobalSection(ExtensibilityGlobals) = postSolution
		SolutionGuid = {69E0CA3C-9944-4E8A-99F0-D297409013F2}
	EndGlobalSection
EndGlobal
